
Microsoft Visual Studio Solution File, Format Version 12.00
# Visual Studio Version 16
VisualStudioVersion = 16.0.30523.141
MinimumVisualStudioVersion = 10.0.40219.1
Project("{9A19103F-16F7-4668-BE54-9A1E7A4F7556}") = "UserService.Api", "src\UserService.Api\UserService.Api.csproj", "{720717F0-9E73-48CD-8447-D7445775BBB3}"
EndProject
Project("{9A19103F-16F7-4668-BE54-9A1E7A4F7556}") = "UserService.Domain.Common", "src\UserService.Domain.Common\UserService.Domain.Common.csproj", "{46447C86-C093-4956-83AB-E6792C0F26DD}"
EndProject
Project("{FAE04EC0-301F-11D3-BF4B-00C04F79EFBC}") = "UserService.Domain", "src\UserService.Domain\UserService.Domain.csproj", "{2A535F6D-1A5A-422B-B013-81D00E6A58E4}"
EndProject
Project("{FAE04EC0-301F-11D3-BF4B-00C04F79EFBC}") = "UserService.Application", "src\UserService.Application\UserService.Application.csproj", "{D34FB5C1-FBD8-4D43-B2AF-826BFBDF236B}"
EndProject
Project("{E53339B2-1760-4266-BCC7-CA923CBCF16C}") = "docker-compose", "docker-compose.dcproj", "{83F6FA31-C1B7-4090-B43A-5677C2C5F3B3}"
EndProject
Project("{FAE04EC0-301F-11D3-BF4B-00C04F79EFBC}") = "UserService.Infrastructure.Sql", "src\UserService.Infrastructure.Sql\UserService.Infrastructure.Sql.csproj", "{561E2E4E-014D-4A65-A8BC-8841CA7898BA}"
EndProject
Global
	GlobalSection(SolutionConfigurationPlatforms) = preSolution
		Debug|Any CPU = Debug|Any CPU
		Release|Any CPU = Release|Any CPU
	EndGlobalSection
	GlobalSection(ProjectConfigurationPlatforms) = postSolution
		{720717F0-9E73-48CD-8447-D7445775BBB3}.Debug|Any CPU.ActiveCfg = Debug|Any CPU
		{720717F0-9E73-48CD-8447-D7445775BBB3}.Debug|Any CPU.Build.0 = Debug|Any CPU
		{720717F0-9E73-48CD-8447-D7445775BBB3}.Release|Any CPU.ActiveCfg = Release|Any CPU
		{720717F0-9E73-48CD-8447-D7445775BBB3}.Release|Any CPU.Build.0 = Release|Any CPU
		{46447C86-C093-4956-83AB-E6792C0F26DD}.Debug|Any CPU.ActiveCfg = Debug|Any CPU
		{46447C86-C093-4956-83AB-E6792C0F26DD}.Debug|Any CPU.Build.0 = Debug|Any CPU
		{46447C86-C093-4956-83AB-E6792C0F26DD}.Release|Any CPU.ActiveCfg = Release|Any CPU
		{46447C86-C093-4956-83AB-E6792C0F26DD}.Release|Any CPU.Build.0 = Release|Any CPU
		{2A535F6D-1A5A-422B-B013-81D00E6A58E4}.Debug|Any CPU.ActiveCfg = Debug|Any CPU
		{2A535F6D-1A5A-422B-B013-81D00E6A58E4}.Debug|Any CPU.Build.0 = Debug|Any CPU
		{2A535F6D-1A5A-422B-B013-81D00E6A58E4}.Release|Any CPU.ActiveCfg = Release|Any CPU
		{2A535F6D-1A5A-422B-B013-81D00E6A58E4}.Release|Any CPU.Build.0 = Release|Any CPU
		{D34FB5C1-FBD8-4D43-B2AF-826BFBDF236B}.Debug|Any CPU.ActiveCfg = Debug|Any CPU
		{D34FB5C1-FBD8-4D43-B2AF-826BFBDF236B}.Debug|Any CPU.Build.0 = Debug|Any CPU
		{D34FB5C1-FBD8-4D43-B2AF-826BFBDF236B}.Release|Any CPU.ActiveCfg = Release|Any CPU
		{D34FB5C1-FBD8-4D43-B2AF-826BFBDF236B}.Release|Any CPU.Build.0 = Release|Any CPU
		{83F6FA31-C1B7-4090-B43A-5677C2C5F3B3}.Debug|Any CPU.ActiveCfg = Debug|Any CPU
		{83F6FA31-C1B7-4090-B43A-5677C2C5F3B3}.Debug|Any CPU.Build.0 = Debug|Any CPU
		{83F6FA31-C1B7-4090-B43A-5677C2C5F3B3}.Release|Any CPU.ActiveCfg = Release|Any CPU
		{83F6FA31-C1B7-4090-B43A-5677C2C5F3B3}.Release|Any CPU.Build.0 = Release|Any CPU
		{561E2E4E-014D-4A65-A8BC-8841CA7898BA}.Debug|Any CPU.ActiveCfg = Debug|Any CPU
		{561E2E4E-014D-4A65-A8BC-8841CA7898BA}.Debug|Any CPU.Build.0 = Debug|Any CPU
		{561E2E4E-014D-4A65-A8BC-8841CA7898BA}.Release|Any CPU.ActiveCfg = Release|Any CPU
		{561E2E4E-014D-4A65-A8BC-8841CA7898BA}.Release|Any CPU.Build.0 = Release|Any CPU
	EndGlobalSection
	GlobalSection(SolutionProperties) = preSolution
		HideSolutionNode = FALSE
	EndGlobalSection
	GlobalSection(ExtensibilityGlobals) = postSolution
		SolutionGuid = {EA80EFE3-BF85-406A-B919-6570C26CFB45}
	EndGlobalSection
EndGlobal
